{
  "name": "spidy-save-media-bot",
  "version": "1.0.0",
  "lockfileVersion": 2,
  "requires": true,
  "packages": {
    "": {
      "name": "spidy-save-media-bot",
      "version": "1.0.0",
      "dependencies": {
        "express": "^4.18.4",
        "ffmpeg-static": "^5.1.0",
        "node-telegram-bot-api": "^0.61.0",
        "yt-dlp-exec": "^1.2.3",
        "dotenv": "^16.3.1"
      }
    }
  },
  "dependencies": {
    "express": {
      "version": "^4.18.4",
      "resolved": "",
      "integrity": ""
    },
    "ffmpeg-static": {
      "version": "^5.1.0",
      "resolved": "",
      "integrity": ""
    },
    "node-telegram-bot-api": {
      "version": "^0.61.0",
      "resolved": "",
      "integrity": ""
    },
    "yt-dlp-exec": {
      "version": "^1.2.3",
      "resolved": "",
      "integrity": ""
    },
    "dotenv": {
      "version": "^16.3.1",
      "resolved": "",
      "integrity": ""
    }
  }
}
